// !$*UTF8*$!
{
	archiveVersion = 1;
	classes = {
	};
	objectVersion = 77;
	objects = {

/* Begin PBXBuildFile section */
		1DE27C6BC30C04159222ACB3 /* CmuxStatus.swift in Sources */ = {isa = PBXBuildFile; fileRef = 0DFD3FEBE4588C3405C64219 /* CmuxStatus.swift */; };
		22BB88E7F74DF0491C33710A /* OverlayPanel.swift in Sources */ = {isa = PBXBuildFile; fileRef = CD5A424F953D61860AA9497C /* OverlayPanel.swift */; };
		23D492711A65D2222B4B9EAB /* CmuxConfiguration.swift in Sources */ = {isa = PBXBuildFile; fileRef = DB0049C43F87238DBC9FF587 /* CmuxConfiguration.swift */; };
		2F5296DEFA13F44F77E983CD /* StatusBarController.swift in Sources */ = {isa = PBXBuildFile; fileRef = 705669D911FB7BF1E02BE888 /* StatusBarController.swift */; };
		54957A14003A3292AB7F7B6A /* DangerDetector.swift in Sources */ = {isa = PBXBuildFile; fileRef = ABE7BAA61C7CB144E89D36D7 /* DangerDetector.swift */; };
		8AA1DE217C546AB91CE9B36C /* main.swift in Sources */ = {isa = PBXBuildFile; fileRef = AE0B8E5B3DC2F91978C4B4D4 /* main.swift */; };
		9F9E35F33323F4F43E1EDC34 /* GeminiClient.swift in Sources */ = {isa = PBXBuildFile; fileRef = C61FBD76FDC4FA4C765DC106 /* GeminiClient.swift */; };
		A5B8832BED62487365E4B443 /* CmuxCommandRunner.swift in Sources */ = {isa = PBXBuildFile; fileRef = F84DACDD21C1D76F6454B603 /* CmuxCommandRunner.swift */; };
		B14C025225E94AFC583A6511 /* Resources in Resources */ = {isa = PBXBuildFile; fileRef = 31A2026FD7C320B8032390DC /* Resources */; };
		B19EDE07D967D793723375DE /* PathMigration.swift in Sources */ = {isa = PBXBuildFile; fileRef = 8BC08ACEAE00232405C11B2A /* PathMigration.swift */; };
		BA9C2008C961B36C6CB00E51 /* Lottie in Frameworks */ = {isa = PBXBuildFile; productRef = 400DD666AC5C1259976F99F4 /* Lottie */; };
		D801DD3CCCFC6D0A8879E575 /* CmuxClient.swift in Sources */ = {isa = PBXBuildFile; fileRef = 4801D6BE71852A7997365B0A /* CmuxClient.swift */; };
		EAE568EAD046D1F273CFECD9 /* AlarmPanel.swift in Sources */ = {isa = PBXBuildFile; fileRef = ABDFB3E84175F7729B49EB07 /* AlarmPanel.swift */; };
		F4012AC18C69909E7EE70576 /* ScreenWatcher.swift in Sources */ = {isa = PBXBuildFile; fileRef = CE1B76048E29D9FA29A8D4C2 /* ScreenWatcher.swift */; };
		F15E62D72AE6D05C481A52E5 /* CmuxTerminalContextProvider.swift in Sources */ = {isa = PBXBuildFile; fileRef = A2BEBF978C09E8E80E90F953 /* CmuxTerminalContextProvider.swift */; };
		FB1A69424A267041BE1EFAEB /* SecretRedactor.swift in Sources */ = {isa = PBXBuildFile; fileRef = 74B968555AF7EC3702D7A118 /* SecretRedactor.swift */; };
		21E7B7AC08D52D15380B3B46 /* CmuxModels.swift in Sources */ = {isa = PBXBuildFile; fileRef = 91A8C6F146675A9A41E7DC2F /* CmuxModels.swift */; };
/* End PBXBuildFile section */

/* Begin PBXFileReference section */
		0DFD3FEBE4588C3405C64219 /* CmuxStatus.swift */ = {isa = PBXFileReference; lastKnownFileType = sourcecode.swift; path = CmuxStatus.swift; sourceTree = "<group>"; };
		31A2026FD7C320B8032390DC /* Resources */ = {isa = PBXFileReference; lastKnownFileType = folder; name = Resources; path = Sources/GOJIPSACore/Resources; sourceTree = SOURCE_ROOT; };
		4801D6BE71852A7997365B0A /* CmuxClient.swift */ = {isa = PBXFileReference; lastKnownFileType = sourcecode.swift; path = CmuxClient.swift; sourceTree = "<group>"; };
		705669D911FB7BF1E02BE888 /* StatusBarController.swift */ = {isa = PBXFileReference; lastKnownFileType = sourcecode.swift; path = StatusBarController.swift; sourceTree = "<group>"; };
		74B968555AF7EC3702D7A118 /* SecretRedactor.swift */ = {isa = PBXFileReference; lastKnownFileType = sourcecode.swift; path = SecretRedactor.swift; sourceTree = "<group>"; };
		8BC08ACEAE00232405C11B2A /* PathMigration.swift */ = {isa = PBXFileReference; lastKnownFileType = sourcecode.swift; path = PathMigration.swift; sourceTree = "<group>"; };
		91A8C6F146675A9A41E7DC2F /* CmuxModels.swift */ = {isa = PBXFileReference; lastKnownFileType = sourcecode.swift; path = CmuxModels.swift; sourceTree = "<group>"; };
		A2BEBF978C09E8E80E90F953 /* CmuxTerminalContextProvider.swift */ = {isa = PBXFileReference; lastKnownFileType = sourcecode.swift; path = CmuxTerminalContextProvider.swift; sourceTree = "<group>"; };
		ABDFB3E84175F7729B49EB07 /* AlarmPanel.swift */ = {isa = PBXFileReference; lastKnownFileType = sourcecode.swift; path = AlarmPanel.swift; sourceTree = "<group>"; };
		ABE7BAA61C7CB144E89D36D7 /* DangerDetector.swift */ = {isa = PBXFileReference; lastKnownFileType = sourcecode.swift; path = DangerDetector.swift; sourceTree = "<group>"; };
		AE0B8E5B3DC2F91978C4B4D4 /* main.swift */ = {isa = PBXFileReference; lastKnownFileType = sourcecode.swift; path = main.swift; sourceTree = "<group>"; };
		C61FBD76FDC4FA4C765DC106 /* GeminiClient.swift */ = {isa = PBXFileReference; lastKnownFileType = sourcecode.swift; path = GeminiClient.swift; sourceTree = "<group>"; };
		C69C58FC4D4A231863465F00 /* GOJIPSA.app */ = {isa = PBXFileReference; explicitFileType = wrapper.application; includeInIndex = 0; path = GOJIPSA.app; sourceTree = BUILT_PRODUCTS_DIR; };
		CD5A424F953D61860AA9497C /* OverlayPanel.swift */ = {isa = PBXFileReference; lastKnownFileType = sourcecode.swift; path = OverlayPanel.swift; sourceTree = "<group>"; };
		CE1B76048E29D9FA29A8D4C2 /* ScreenWatcher.swift */ = {isa = PBXFileReference; lastKnownFileType = sourcecode.swift; path = ScreenWatcher.swift; sourceTree = "<group>"; };
		DB0049C43F87238DBC9FF587 /* CmuxConfiguration.swift */ = {isa = PBXFileReference; lastKnownFileType = sourcecode.swift; path = CmuxConfiguration.swift; sourceTree = "<group>"; };
		F84DACDD21C1D76F6454B603 /* CmuxCommandRunner.swift */ = {isa = PBXFileReference; lastKnownFileType = sourcecode.swift; path = CmuxCommandRunner.swift; sourceTree = "<group>"; };
/* End PBXFileReference section */

/* Begin PBXFrameworksBuildPhase section */
		4E5F3AA0F7B559AC749465AB /* Frameworks */ = {
			isa = PBXFrameworksBuildPhase;
			buildActionMask = 2147483647;
			files = (
				BA9C2008C961B36C6CB00E51 /* Lottie in Frameworks */,
			);
			runOnlyForDeploymentPostprocessing = 0;
		};
/* End PBXFrameworksBuildPhase section */

/* Begin PBXGroup section */
		48506AB010BFA2FAE81C7CB0 /* GOJIPSA */ = {
			isa = PBXGroup;
			children = (
				AE0B8E5B3DC2F91978C4B4D4 /* main.swift */,
			);
			name = GOJIPSA;
			path = Sources/GOJIPSA;
			sourceTree = "<group>";
		};
		8694F8F559F81985502659AD = {
			isa = PBXGroup;
			children = (
				48506AB010BFA2FAE81C7CB0 /* GOJIPSA */,
				CB3DD14D39B5E0972B9F9DEA /* GOJIPSACore */,
				31A2026FD7C320B8032390DC /* Resources */,
				DE27802FAE1A1406347177F5 /* Products */,
			);
			sourceTree = "<group>";
		};
		CB3DD14D39B5E0972B9F9DEA /* GOJIPSACore */ = {
			isa = PBXGroup;
			children = (
				F1752D24CD3136F41658A078 /* Resources */,
				ABDFB3E84175F7729B49EB07 /* AlarmPanel.swift */,
				4801D6BE71852A7997365B0A /* CmuxClient.swift */,
				F84DACDD21C1D76F6454B603 /* CmuxCommandRunner.swift */,
				DB0049C43F87238DBC9FF587 /* CmuxConfiguration.swift */,
				91A8C6F146675A9A41E7DC2F /* CmuxModels.swift */,
				0DFD3FEBE4588C3405C64219 /* CmuxStatus.swift */,
				A2BEBF978C09E8E80E90F953 /* CmuxTerminalContextProvider.swift */,
				ABE7BAA61C7CB144E89D36D7 /* DangerDetector.swift */,
				C61FBD76FDC4FA4C765DC106 /* GeminiClient.swift */,
				CD5A424F953D61860AA9497C /* OverlayPanel.swift */,
				8BC08ACEAE00232405C11B2A /* PathMigration.swift */,
				CE1B76048E29D9FA29A8D4C2 /* ScreenWatcher.swift */,
				74B968555AF7EC3702D7A118 /* SecretRedactor.swift */,
				705669D911FB7BF1E02BE888 /* StatusBarController.swift */,
			);
			name = GOJIPSACore;
			path = Sources/GOJIPSACore;
			sourceTree = "<group>";
		};
		DE27802FAE1A1406347177F5 /* Products */ = {
			isa = PBXGroup;
			children = (
				C69C58FC4D4A231863465F00 /* GOJIPSA.app */,
			);
			name = Products;
			sourceTree = "<group>";
		};
		F1752D24CD3136F41658A078 /* Resources */ = {
			isa = PBXGroup;
			children = (
			);
			path = Resources;
			sourceTree = "<group>";
		};
/* End PBXGroup section */

/* Begin PBXNativeTarget section */
		42400087503E79E0BF0E264C /* GOJIPSA */ = {
			isa = PBXNativeTarget;
			buildConfigurationList = 511C992EC97D47B8E5908722 /* Build configuration list for PBXNativeTarget "GOJIPSA" */;
			buildPhases = (
				3B7AA438685F044EBBFD69A5 /* Sources */,
				A2188883B0EE6562772994AD /* Resources */,
				4E5F3AA0F7B559AC749465AB /* Frameworks */,
			);
			buildRules = (
			);
			dependencies = (
			);
			name = GOJIPSA;
			packageProductDependencies = (
				400DD666AC5C1259976F99F4 /* Lottie */,
			);
			productName = GOJIPSA;
			productReference = C69C58FC4D4A231863465F00 /* GOJIPSA.app */;
			productType = "com.apple.product-type.application";
		};
/* End PBXNativeTarget section */

/* Begin PBXProject section */
		3C5C45DE888DF1B9DDE7684D /* Project object */ = {
			isa = PBXProject;
			attributes = {
				BuildIndependentTargetsInParallel = YES;
				LastUpgradeCheck = 1430;
				TargetAttributes = {
					42400087503E79E0BF0E264C = {
						ProvisioningStyle = Automatic;
					};
				};
			};
			buildConfigurationList = B7606090B4C45A7E087F5899 /* Build configuration list for PBXProject "GOJIPSA" */;
			developmentRegion = en;
			hasScannedForEncodings = 0;
			knownRegions = (
				Base,
				en,
			);
			mainGroup = 8694F8F559F81985502659AD;
			minimizedProjectReferenceProxies = 1;
			packageReferences = (
				CAD429B3DB0497369C90B3F0 /* XCRemoteSwiftPackageReference "lottie-ios" */,
			);
			preferredProjectObjectVersion = 77;
			productRefGroup = DE27802FAE1A1406347177F5 /* Products */;
			projectDirPath = "";
			projectRoot = "";
			targets = (
				42400087503E79E0BF0E264C /* GOJIPSA */,
			);
		};
/* End PBXProject section */

/* Begin PBXResourcesBuildPhase section */
		A2188883B0EE6562772994AD /* Resources */ = {
			isa = PBXResourcesBuildPhase;
			buildActionMask = 2147483647;
			files = (
				B14C025225E94AFC583A6511 /* Resources in Resources */,
			);
			runOnlyForDeploymentPostprocessing = 0;
		};
/* End PBXResourcesBuildPhase section */

/* Begin PBXSourcesBuildPhase section */
		3B7AA438685F044EBBFD69A5 /* Sources */ = {
			isa = PBXSourcesBuildPhase;
			buildActionMask = 2147483647;
			files = (
				EAE568EAD046D1F273CFECD9 /* AlarmPanel.swift in Sources */,
				D801DD3CCCFC6D0A8879E575 /* CmuxClient.swift in Sources */,
				A5B8832BED62487365E4B443 /* CmuxCommandRunner.swift in Sources */,
				23D492711A65D2222B4B9EAB /* CmuxConfiguration.swift in Sources */,
				21E7B7AC08D52D15380B3B46 /* CmuxModels.swift in Sources */,
				1DE27C6BC30C04159222ACB3 /* CmuxStatus.swift in Sources */,
				F15E62D72AE6D05C481A52E5 /* CmuxTerminalContextProvider.swift in Sources */,
				54957A14003A3292AB7F7B6A /* DangerDetector.swift in Sources */,
				9F9E35F33323F4F43E1EDC34 /* GeminiClient.swift in Sources */,
				22BB88E7F74DF0491C33710A /* OverlayPanel.swift in Sources */,
				B19EDE07D967D793723375DE /* PathMigration.swift in Sources */,
				F4012AC18C69909E7EE70576 /* ScreenWatcher.swift in Sources */,
				FB1A69424A267041BE1EFAEB /* SecretRedactor.swift in Sources */,
				2F5296DEFA13F44F77E983CD /* StatusBarController.swift in Sources */,
				8AA1DE217C546AB91CE9B36C /* main.swift in Sources */,
			);
			runOnlyForDeploymentPostprocessing = 0;
		};
/* End PBXSourcesBuildPhase section */

/* Begin XCBuildConfiguration section */
		064C98F544709045EC31DC3E /* Release */ = {
			isa = XCBuildConfiguration;
			buildSettings = {
				ALWAYS_SEARCH_USER_PATHS = NO;
				ARCHS = (
					arm64,
					x86_64,
				);
				CLANG_ANALYZER_NONNULL = YES;
				CLANG_ANALYZER_NUMBER_OBJECT_CONVERSION = YES_AGGRESSIVE;
				CLANG_CXX_LANGUAGE_STANDARD = "gnu++14";
				CLANG_CXX_LIBRARY = "libc++";
				CLANG_ENABLE_MODULES = YES;
				CLANG_ENABLE_OBJC_ARC = YES;
				CLANG_ENABLE_OBJC_WEAK = YES;
				CLANG_WARN_BLOCK_CAPTURE_AUTORELEASING = YES;
				CLANG_WARN_BOOL_CONVERSION = YES;
				CLANG_WARN_COMMA = YES;
				CLANG_WARN_CONSTANT_CONVERSION = YES;
				CLANG_WARN_DEPRECATED_OBJC_IMPLEMENTATIONS = YES;
				CLANG_WARN_DIRECT_OBJC_ISA_USAGE = YES_ERROR;
				CLANG_WARN_DOCUMENTATION_COMMENTS = YES;
				CLANG_WARN_EMPTY_BODY = YES;
				CLANG_WARN_ENUM_CONVERSION = YES;
				CLANG_WARN_INFINITE_RECURSION = YES;
				CLANG_WARN_INT_CONVERSION = YES;
				CLANG_WARN_NON_LITERAL_NULL_CONVERSION = YES;
				CLANG_WARN_OBJC_IMPLICIT_RETAIN_SELF = YES;
				CLANG_WARN_OBJC_LITERAL_CONVERSION = YES;
				CLANG_WARN_OBJC_ROOT_CLASS = YES_ERROR;
				CLANG_WARN_QUOTED_INCLUDE_IN_FRAMEWORK_HEADER = YES;
				CLANG_WARN_RANGE_LOOP_ANALYSIS = YES;
				CLANG_WARN_STRICT_PROTOTYPES = YES;
				CLANG_WARN_SUSPICIOUS_MOVE = YES;
				CLANG_WARN_UNGUARDED_AVAILABILITY = YES_AGGRESSIVE;
				CLANG_WARN_UNREACHABLE_CODE = YES;
				CLANG_WARN__DUPLICATE_METHOD_MATCH = YES;
				CODE_SIGN_STYLE = Automatic;
				COPY_PHASE_STRIP = NO;
				CURRENT_PROJECT_VERSION = 1;
				DEBUG_INFORMATION_FORMAT = "dwarf-with-dsym";
				DEVELOPMENT_TEAM = 3BAL9BR86N;
				ENABLE_HARDENED_RUNTIME = YES;
				ENABLE_NS_ASSERTIONS = NO;
				ENABLE_STRICT_OBJC_MSGSEND = YES;
				GCC_C_LANGUAGE_STANDARD = gnu11;
				GCC_NO_COMMON_BLOCKS = YES;
				GCC_WARN_64_TO_32_BIT_CONVERSION = YES;
				GCC_WARN_ABOUT_RETURN_TYPE = YES_ERROR;
				GCC_WARN_UNDECLARED_SELECTOR = YES;
				GCC_WARN_UNINITIALIZED_AUTOS = YES_AGGRESSIVE;
				GCC_WARN_UNUSED_FUNCTION = YES;
				GCC_WARN_UNUSED_VARIABLE = YES;
				MACOSX_DEPLOYMENT_TARGET = 13.0;
				MARKETING_VERSION = 2.0.1;
				MTL_ENABLE_DEBUG_INFO = NO;
				MTL_FAST_MATH = YES;
				ONLY_ACTIVE_ARCH = NO;
				PRODUCT_BUNDLE_IDENTIFIER = "app.gojipsa.$(PRODUCT_NAME:rfc1034identifier)";
				PRODUCT_NAME = "$(TARGET_NAME)";
				SDKROOT = macosx;
				SWIFT_COMPILATION_MODE = wholemodule;
				SWIFT_OPTIMIZATION_LEVEL = "-O";
				SWIFT_VERSION = 5.9;
			};
			name = Release;
		};
		9E10D5AA54EF6982367D14A7 /* Release */ = {
			isa = XCBuildConfiguration;
			buildSettings = {
				ASSETCATALOG_COMPILER_APPICON_NAME = AppIcon;
				COMBINE_HIDPI_IMAGES = YES;
				DEVELOPMENT_TEAM = 3BAL9BR86N;
				INFOPLIST_FILE = "Info-GOJIPSA.plist";
				INFOPLIST_KEY_LSApplicationCategoryType = "public.app-category.utilities";
				LD_RUNPATH_SEARCH_PATHS = (
					"$(inherited)",
					"@executable_path/../Frameworks",
				);
				SDKROOT = macosx;
			};
			name = Release;
		};
		BD6BD652885BA2A731107393 /* Debug */ = {
			isa = XCBuildConfiguration;
			buildSettings = {
				ALWAYS_SEARCH_USER_PATHS = NO;
				CLANG_ANALYZER_NONNULL = YES;
				CLANG_ANALYZER_NUMBER_OBJECT_CONVERSION = YES_AGGRESSIVE;
				CLANG_CXX_LANGUAGE_STANDARD = "gnu++14";
				CLANG_CXX_LIBRARY = "libc++";
				CLANG_ENABLE_MODULES = YES;
				CLANG_ENABLE_OBJC_ARC = YES;
				CLANG_ENABLE_OBJC_WEAK = YES;
				CLANG_WARN_BLOCK_CAPTURE_AUTORELEASING = YES;
				CLANG_WARN_BOOL_CONVERSION = YES;
				CLANG_WARN_COMMA = YES;
				CLANG_WARN_CONSTANT_CONVERSION = YES;
				CLANG_WARN_DEPRECATED_OBJC_IMPLEMENTATIONS = YES;
				CLANG_WARN_DIRECT_OBJC_ISA_USAGE = YES_ERROR;
				CLANG_WARN_DOCUMENTATION_COMMENTS = YES;
				CLANG_WARN_EMPTY_BODY = YES;
				CLANG_WARN_ENUM_CONVERSION = YES;
				CLANG_WARN_INFINITE_RECURSION = YES;
				CLANG_WARN_INT_CONVERSION = YES;
				CLANG_WARN_NON_LITERAL_NULL_CONVERSION = YES;
				CLANG_WARN_OBJC_IMPLICIT_RETAIN_SELF = YES;
				CLANG_WARN_OBJC_LITERAL_CONVERSION = YES;
				CLANG_WARN_OBJC_ROOT_CLASS = YES_ERROR;
				CLANG_WARN_QUOTED_INCLUDE_IN_FRAMEWORK_HEADER = YES;
				CLANG_WARN_RANGE_LOOP_ANALYSIS = YES;
				CLANG_WARN_STRICT_PROTOTYPES = YES;
				CLANG_WARN_SUSPICIOUS_MOVE = YES;
				CLANG_WARN_UNGUARDED_AVAILABILITY = YES_AGGRESSIVE;
				CLANG_WARN_UNREACHABLE_CODE = YES;
				CLANG_WARN__DUPLICATE_METHOD_MATCH = YES;
				CODE_SIGN_STYLE = Automatic;
				COPY_PHASE_STRIP = NO;
				CURRENT_PROJECT_VERSION = 1;
				DEBUG_INFORMATION_FORMAT = dwarf;
				DEVELOPMENT_TEAM = 3BAL9BR86N;
				ENABLE_HARDENED_RUNTIME = YES;
				ENABLE_STRICT_OBJC_MSGSEND = YES;
				ENABLE_TESTABILITY = YES;
				GCC_C_LANGUAGE_STANDARD = gnu11;
				GCC_DYNAMIC_NO_PIC = NO;
				GCC_NO_COMMON_BLOCKS = YES;
				GCC_OPTIMIZATION_LEVEL = 0;
				GCC_PREPROCESSOR_DEFINITIONS = (
					"$(inherited)",
					"DEBUG=1",
				);
				GCC_WARN_64_TO_32_BIT_CONVERSION = YES;
				GCC_WARN_ABOUT_RETURN_TYPE = YES_ERROR;
				GCC_WARN_UNDECLARED_SELECTOR = YES;
				GCC_WARN_UNINITIALIZED_AUTOS = YES_AGGRESSIVE;
				GCC_WARN_UNUSED_FUNCTION = YES;
				GCC_WARN_UNUSED_VARIABLE = YES;
				MACOSX_DEPLOYMENT_TARGET = 13.0;
				MARKETING_VERSION = 2.0.1;
				MTL_ENABLE_DEBUG_INFO = INCLUDE_SOURCE;
				MTL_FAST_MATH = YES;
				ONLY_ACTIVE_ARCH = YES;
				PRODUCT_BUNDLE_IDENTIFIER = "app.gojipsa.$(PRODUCT_NAME:rfc1034identifier)";
				PRODUCT_NAME = "$(TARGET_NAME)";
				SDKROOT = macosx;
				SWIFT_ACTIVE_COMPILATION_CONDITIONS = DEBUG;
				SWIFT_OPTIMIZATION_LEVEL = "-Onone";
				SWIFT_VERSION = 5.9;
			};
			name = Debug;
		};
		C29BD4ACD50ED5209F8D8E87 /* Debug */ = {
			isa = XCBuildConfiguration;
			buildSettings = {
				ASSETCATALOG_COMPILER_APPICON_NAME = AppIcon;
				COMBINE_HIDPI_IMAGES = YES;
				DEVELOPMENT_TEAM = 3BAL9BR86N;
				INFOPLIST_FILE = "Info-GOJIPSA.plist";
				INFOPLIST_KEY_LSApplicationCategoryType = "public.app-category.utilities";
				LD_RUNPATH_SEARCH_PATHS = (
					"$(inherited)",
					"@executable_path/../Frameworks",
				);
				SDKROOT = macosx;
			};
			name = Debug;
		};
/* End XCBuildConfiguration section */

/* Begin XCConfigurationList section */
		511C992EC97D47B8E5908722 /* Build configuration list for PBXNativeTarget "GOJIPSA" */ = {
			isa = XCConfigurationList;
			buildConfigurations = (
				C29BD4ACD50ED5209F8D8E87 /* Debug */,
				9E10D5AA54EF6982367D14A7 /* Release */,
			);
			defaultConfigurationIsVisible = 0;
			defaultConfigurationName = Debug;
		};
		B7606090B4C45A7E087F5899 /* Build configuration list for PBXProject "GOJIPSA" */ = {
			isa = XCConfigurationList;
			buildConfigurations = (
				BD6BD652885BA2A731107393 /* Debug */,
				064C98F544709045EC31DC3E /* Release */,
			);
			defaultConfigurationIsVisible = 0;
			defaultConfigurationName = Debug;
		};
/* End XCConfigurationList section */

/* Begin XCRemoteSwiftPackageReference section */
		CAD429B3DB0497369C90B3F0 /* XCRemoteSwiftPackageReference "lottie-ios" */ = {
			isa = XCRemoteSwiftPackageReference;
			repositoryURL = "https://github.com/airbnb/lottie-ios.git";
			requirement = {
				kind = upToNextMajorVersion;
				minimumVersion = 4.5.0;
			};
		};
/* End XCRemoteSwiftPackageReference section */

/* Begin XCSwiftPackageProductDependency section */
		400DD666AC5C1259976F99F4 /* Lottie */ = {
			isa = XCSwiftPackageProductDependency;
			package = CAD429B3DB0497369C90B3F0 /* XCRemoteSwiftPackageReference "lottie-ios" */;
			productName = Lottie;
		};
/* End XCSwiftPackageProductDependency section */
	};
	rootObject = 3C5C45DE888DF1B9DDE7684D /* Project object */;
}
